
Microsoft Visual Studio Solution File, Format Version 12.00
# Visual Studio 15
VisualStudioVersion = 15.0.26228.10
MinimumVisualStudioVersion = 10.0.40219.1
Project("{FAE04EC0-301F-11D3-BF4B-00C04F79EFBC}") = "ProjectPretzel.Android", "ProjectPretzel\ProjectPretzel.Android\ProjectPretzel.Android.csproj", "{BE015749-0709-40B3-995D-5AE01296836B}"
EndProject
Project("{FAE04EC0-301F-11D3-BF4B-00C04F79EFBC}") = "ProjectPretzel.iOS", "ProjectPretzel\ProjectPretzel.iOS\ProjectPretzel.iOS.csproj", "{97F65F76-872F-457C-B8B1-83D59A034D2F}"
EndProject
Project("{FAE04EC0-301F-11D3-BF4B-00C04F79EFBC}") = "ProjectPretzel", "ProjectPretzel\ProjectPretzel\ProjectPretzel.csproj", "{E6E7972D-3BFE-491C-B409-D51453976C9F}"
EndProject
Global
	GlobalSection(SolutionConfigurationPlatforms) = preSolution
		Debug|Any CPU = Debug|Any CPU
		Debug|iPhone = Debug|iPhone
		Debug|iPhoneSimulator = Debug|iPhoneSimulator
		iOS Release|Any CPU = iOS Release|Any CPU
		iOS Release|iPhone = iOS Release|iPhone
		iOS Release|iPhoneSimulator = iOS Release|iPhoneSimulator
		Release|Any CPU = Release|Any CPU
		Release|iPhone = Release|iPhone
		Release|iPhoneSimulator = Release|iPhoneSimulator
	EndGlobalSection
	GlobalSection(ProjectConfigurationPlatforms) = postSolution
		{BE015749-0709-40B3-995D-5AE01296836B}.Debug|Any CPU.ActiveCfg = Debug|Any CPU
		{BE015749-0709-40B3-995D-5AE01296836B}.Debug|Any CPU.Build.0 = Debug|Any CPU
		{BE015749-0709-40B3-995D-5AE01296836B}.Debug|Any CPU.Deploy.0 = Debug|Any CPU
		{BE015749-0709-40B3-995D-5AE01296836B}.Debug|iPhone.ActiveCfg = Debug|Any CPU
		{BE015749-0709-40B3-995D-5AE01296836B}.Debug|iPhone.Build.0 = Debug|Any CPU
		{BE015749-0709-40B3-995D-5AE01296836B}.Debug|iPhone.Deploy.0 = Debug|Any CPU
		{BE015749-0709-40B3-995D-5AE01296836B}.Debug|iPhoneSimulator.ActiveCfg = Debug|Any CPU
		{BE015749-0709-40B3-995D-5AE01296836B}.Debug|iPhoneSimulator.Build.0 = Debug|Any CPU
		{BE015749-0709-40B3-995D-5AE01296836B}.Debug|iPhoneSimulator.Deploy.0 = Debug|Any CPU
		{BE015749-0709-40B3-995D-5AE01296836B}.iOS Release|Any CPU.ActiveCfg = Release|Any CPU
		{BE015749-0709-40B3-995D-5AE01296836B}.iOS Release|Any CPU.Build.0 = Release|Any CPU
		{BE015749-0709-40B3-995D-5AE01296836B}.iOS Release|Any CPU.Deploy.0 = Release|Any CPU
		{BE015749-0709-40B3-995D-5AE01296836B}.iOS Release|iPhone.ActiveCfg = Release|Any CPU
		{BE015749-0709-40B3-995D-5AE01296836B}.iOS Release|iPhoneSimulator.ActiveCfg = Release|Any CPU
		{BE015749-0709-40B3-995D-5AE01296836B}.Release|Any CPU.ActiveCfg = Release|Any CPU
		{BE015749-0709-40B3-995D-5AE01296836B}.Release|Any CPU.Build.0 = Release|Any CPU
		{BE015749-0709-40B3-995D-5AE01296836B}.Release|Any CPU.Deploy.0 = Release|Any CPU
		{BE015749-0709-40B3-995D-5AE01296836B}.Release|iPhone.ActiveCfg = Release|Any CPU
		{BE015749-0709-40B3-995D-5AE01296836B}.Release|iPhone.Build.0 = Release|Any CPU
		{BE015749-0709-40B3-995D-5AE01296836B}.Release|iPhone.Deploy.0 = Release|Any CPU
		{BE015749-0709-40B3-995D-5AE01296836B}.Release|iPhoneSimulator.ActiveCfg = Release|Any CPU
		{BE015749-0709-40B3-995D-5AE01296836B}.Release|iPhoneSimulator.Build.0 = Release|Any CPU
		{BE015749-0709-40B3-995D-5AE01296836B}.Release|iPhoneSimulator.Deploy.0 = Release|Any CPU
		{97F65F76-872F-457C-B8B1-83D59A034D2F}.Debug|Any CPU.ActiveCfg = Debug|iPhone
		{97F65F76-872F-457C-B8B1-83D59A034D2F}.Debug|iPhone.ActiveCfg = Debug|iPhone
		{97F65F76-872F-457C-B8B1-83D59A034D2F}.Debug|iPhone.Build.0 = Debug|iPhone
		{97F65F76-872F-457C-B8B1-83D59A034D2F}.Debug|iPhoneSimulator.ActiveCfg = Debug|iPhoneSimulator
		{97F65F76-872F-457C-B8B1-83D59A034D2F}.Debug|iPhoneSimulator.Build.0 = Debug|iPhoneSimulator
		{97F65F76-872F-457C-B8B1-83D59A034D2F}.iOS Release|Any CPU.ActiveCfg = Release|iPhone
		{97F65F76-872F-457C-B8B1-83D59A034D2F}.iOS Release|iPhone.ActiveCfg = Release|iPhone
		{97F65F76-872F-457C-B8B1-83D59A034D2F}.iOS Release|iPhone.Build.0 = Release|iPhone
		{97F65F76-872F-457C-B8B1-83D59A034D2F}.iOS Release|iPhoneSimulator.ActiveCfg = Release|iPhoneSimulator
		{97F65F76-872F-457C-B8B1-83D59A034D2F}.iOS Release|iPhoneSimulator.Build.0 = Release|iPhoneSimulator
		{97F65F76-872F-457C-B8B1-83D59A034D2F}.Release|Any CPU.ActiveCfg = Release|iPhone
		{97F65F76-872F-457C-B8B1-83D59A034D2F}.Release|iPhone.ActiveCfg = Release|iPhone
		{97F65F76-872F-457C-B8B1-83D59A034D2F}.Release|iPhone.Build.0 = Release|iPhone
		{97F65F76-872F-457C-B8B1-83D59A034D2F}.Release|iPhoneSimulator.ActiveCfg = Release|iPhoneSimulator
		{97F65F76-872F-457C-B8B1-83D59A034D2F}.Release|iPhoneSimulator.Build.0 = Release|iPhoneSimulator
		{E6E7972D-3BFE-491C-B409-D51453976C9F}.Debug|Any CPU.ActiveCfg = Debug|Any CPU
		{E6E7972D-3BFE-491C-B409-D51453976C9F}.Debug|Any CPU.Build.0 = Debug|Any CPU
		{E6E7972D-3BFE-491C-B409-D51453976C9F}.Debug|iPhone.ActiveCfg = Debug|Any CPU
		{E6E7972D-3BFE-491C-B409-D51453976C9F}.Debug|iPhone.Build.0 = Debug|Any CPU
		{E6E7972D-3BFE-491C-B409-D51453976C9F}.Debug|iPhoneSimulator.ActiveCfg = Debug|Any CPU
		{E6E7972D-3BFE-491C-B409-D51453976C9F}.Debug|iPhoneSimulator.Build.0 = Debug|Any CPU
		{E6E7972D-3BFE-491C-B409-D51453976C9F}.iOS Release|Any CPU.ActiveCfg = Release|Any CPU
		{E6E7972D-3BFE-491C-B409-D51453976C9F}.iOS Release|Any CPU.Build.0 = Release|Any CPU
		{E6E7972D-3BFE-491C-B409-D51453976C9F}.iOS Release|iPhone.ActiveCfg = Release|Any CPU
		{E6E7972D-3BFE-491C-B409-D51453976C9F}.iOS Release|iPhoneSimulator.ActiveCfg = Release|Any CPU
		{E6E7972D-3BFE-491C-B409-D51453976C9F}.Release|Any CPU.ActiveCfg = Release|Any CPU
		{E6E7972D-3BFE-491C-B409-D51453976C9F}.Release|Any CPU.Build.0 = Release|Any CPU
		{E6E7972D-3BFE-491C-B409-D51453976C9F}.Release|iPhone.ActiveCfg = Release|Any CPU
		{E6E7972D-3BFE-491C-B409-D51453976C9F}.Release|iPhone.Build.0 = Release|Any CPU
		{E6E7972D-3BFE-491C-B409-D51453976C9F}.Release|iPhoneSimulator.ActiveCfg = Release|Any CPU
		{E6E7972D-3BFE-491C-B409-D51453976C9F}.Release|iPhoneSimulator.Build.0 = Release|Any CPU
	EndGlobalSection
	GlobalSection(SolutionProperties) = preSolution
		HideSolutionNode = FALSE
	EndGlobalSection
EndGlobal
